
Microsoft Visual Studio Solution File, Format Version 12.00
# Visual Studio Version 17
VisualStudioVersion = 17.5.33424.131
MinimumVisualStudioVersion = 10.0.40219.1
Project("{FAE04EC0-301F-11D3-BF4B-00C04F79EFBC}") = "TUGAS_MODUL_3", "try\TUGAS_MODUL_3.csproj", "{D1EC0976-F377-4400-9BCF-EB7CCCB9B2A9}"
EndProject
Global
	GlobalSection(SolutionConfigurationPlatforms) = preSolution
		Debug|Any CPU = Debug|Any CPU
		Release|Any CPU = Release|Any CPU
	EndGlobalSection
	GlobalSection(ProjectConfigurationPlatforms) = postSolution
		{D1EC0976-F377-4400-9BCF-EB7CCCB9B2A9}.Debug|Any CPU.ActiveCfg = Debug|Any CPU
		{D1EC0976-F377-4400-9BCF-EB7CCCB9B2A9}.Debug|Any CPU.Build.0 = Debug|Any CPU
		{D1EC0976-F377-4400-9BCF-EB7CCCB9B2A9}.Release|Any CPU.ActiveCfg = Release|Any CPU
		{D1EC0976-F377-4400-9BCF-EB7CCCB9B2A9}.Release|Any CPU.Build.0 = Release|Any CPU
	EndGlobalSection
	GlobalSection(SolutionProperties) = preSolution
		HideSolutionNode = FALSE
	EndGlobalSection
	GlobalSection(ExtensibilityGlobals) = postSolution
		SolutionGuid = {F4DD9E60-6524-44D7-AA10-C7FDEAEB0B8F}
	EndGlobalSection
EndGlobal
